
Microsoft Visual Studio Solution File, Format Version 12.00
# Visual Studio Version 17
VisualStudioVersion = 17.6.33815.320
MinimumVisualStudioVersion = 10.0.40219.1
Project("{FAE04EC0-301F-11D3-BF4B-00C04F79EFBC}") = "Peliculas", "Peliculas\Peliculas.csproj", "{8C151300-ECF0-4E48-B333-FB8D3A4ADB9C}"
EndProject
Project("{FAE04EC0-301F-11D3-BF4B-00C04F79EFBC}") = "Business", "Business\Business.csproj", "{0A6C7B55-784C-446D-8160-64D4196B7ED4}"
EndProject
Project("{FAE04EC0-301F-11D3-BF4B-00C04F79EFBC}") = "DTO", "DTO\DTO.csproj", "{0EF294BC-7184-41BB-A241-CEC96BA459DF}"
EndProject
Project("{FAE04EC0-301F-11D3-BF4B-00C04F79EFBC}") = "DataAccess", "DataAccess\DataAccess.csproj", "{B6B64B4C-0E8A-48D6-B1B9-091478721055}"
EndProject
Project("{FAE04EC0-301F-11D3-BF4B-00C04F79EFBC}") = "Config", "Config\Config.csproj", "{744FC748-52BF-495A-BBF2-53463CB43501}"
EndProject
Global
	GlobalSection(SolutionConfigurationPlatforms) = preSolution
		Debug|Any CPU = Debug|Any CPU
		Release|Any CPU = Release|Any CPU
	EndGlobalSection
	GlobalSection(ProjectConfigurationPlatforms) = postSolution
		{8C151300-ECF0-4E48-B333-FB8D3A4ADB9C}.Debug|Any CPU.ActiveCfg = Debug|Any CPU
		{8C151300-ECF0-4E48-B333-FB8D3A4ADB9C}.Debug|Any CPU.Build.0 = Debug|Any CPU
		{8C151300-ECF0-4E48-B333-FB8D3A4ADB9C}.Release|Any CPU.ActiveCfg = Release|Any CPU
		{8C151300-ECF0-4E48-B333-FB8D3A4ADB9C}.Release|Any CPU.Build.0 = Release|Any CPU
		{0A6C7B55-784C-446D-8160-64D4196B7ED4}.Debug|Any CPU.ActiveCfg = Debug|Any CPU
		{0A6C7B55-784C-446D-8160-64D4196B7ED4}.Debug|Any CPU.Build.0 = Debug|Any CPU
		{0A6C7B55-784C-446D-8160-64D4196B7ED4}.Release|Any CPU.ActiveCfg = Release|Any CPU
		{0A6C7B55-784C-446D-8160-64D4196B7ED4}.Release|Any CPU.Build.0 = Release|Any CPU
		{0EF294BC-7184-41BB-A241-CEC96BA459DF}.Debug|Any CPU.ActiveCfg = Debug|Any CPU
		{0EF294BC-7184-41BB-A241-CEC96BA459DF}.Debug|Any CPU.Build.0 = Debug|Any CPU
		{0EF294BC-7184-41BB-A241-CEC96BA459DF}.Release|Any CPU.ActiveCfg = Release|Any CPU
		{0EF294BC-7184-41BB-A241-CEC96BA459DF}.Release|Any CPU.Build.0 = Release|Any CPU
		{B6B64B4C-0E8A-48D6-B1B9-091478721055}.Debug|Any CPU.ActiveCfg = Debug|Any CPU
		{B6B64B4C-0E8A-48D6-B1B9-091478721055}.Debug|Any CPU.Build.0 = Debug|Any CPU
		{B6B64B4C-0E8A-48D6-B1B9-091478721055}.Release|Any CPU.ActiveCfg = Release|Any CPU
		{B6B64B4C-0E8A-48D6-B1B9-091478721055}.Release|Any CPU.Build.0 = Release|Any CPU
		{744FC748-52BF-495A-BBF2-53463CB43501}.Debug|Any CPU.ActiveCfg = Debug|Any CPU
		{744FC748-52BF-495A-BBF2-53463CB43501}.Debug|Any CPU.Build.0 = Debug|Any CPU
		{744FC748-52BF-495A-BBF2-53463CB43501}.Release|Any CPU.ActiveCfg = Release|Any CPU
		{744FC748-52BF-495A-BBF2-53463CB43501}.Release|Any CPU.Build.0 = Release|Any CPU
	EndGlobalSection
	GlobalSection(SolutionProperties) = preSolution
		HideSolutionNode = FALSE
	EndGlobalSection
	GlobalSection(ExtensibilityGlobals) = postSolution
		SolutionGuid = {6661DE8B-CD76-4811-AD3B-CCD211124B4B}
	EndGlobalSection
EndGlobal
